
Microsoft Visual Studio Solution File, Format Version 12.00
# Visual Studio Version 17
VisualStudioVersion = 17.0.31903.59
MinimumVisualStudioVersion = 10.0.40219.1
Project("{FAE04EC0-301F-11D3-BF4B-00C04F79EFBC}") = "Infrastructure", "Infrastructure\Infrastructure.csproj", "{47A290CF-1677-4D83-A3D9-6F9D5C80DDA6}"
EndProject
Project("{FAE04EC0-301F-11D3-BF4B-00C04F79EFBC}") = "Main", "Main\Main.csproj", "{B9E522C2-3003-4C8F-917C-9EF35A7AC64A}"
EndProject
Global
	GlobalSection(SolutionConfigurationPlatforms) = preSolution
		Debug|Any CPU = Debug|Any CPU
		Release|Any CPU = Release|Any CPU
	EndGlobalSection
	GlobalSection(SolutionProperties) = preSolution
		HideSolutionNode = FALSE
	EndGlobalSection
	GlobalSection(ProjectConfigurationPlatforms) = postSolution
		{47A290CF-1677-4D83-A3D9-6F9D5C80DDA6}.Debug|Any CPU.ActiveCfg = Debug|Any CPU
		{47A290CF-1677-4D83-A3D9-6F9D5C80DDA6}.Debug|Any CPU.Build.0 = Debug|Any CPU
		{47A290CF-1677-4D83-A3D9-6F9D5C80DDA6}.Release|Any CPU.ActiveCfg = Release|Any CPU
		{47A290CF-1677-4D83-A3D9-6F9D5C80DDA6}.Release|Any CPU.Build.0 = Release|Any CPU
		{B9E522C2-3003-4C8F-917C-9EF35A7AC64A}.Debug|Any CPU.ActiveCfg = Debug|Any CPU
		{B9E522C2-3003-4C8F-917C-9EF35A7AC64A}.Debug|Any CPU.Build.0 = Debug|Any CPU
		{B9E522C2-3003-4C8F-917C-9EF35A7AC64A}.Release|Any CPU.ActiveCfg = Release|Any CPU
		{B9E522C2-3003-4C8F-917C-9EF35A7AC64A}.Release|Any CPU.Build.0 = Release|Any CPU
	EndGlobalSection
EndGlobal
